{
  "requires": true,
  "lockfileVersion": 1,
  "dependencies": {
    "destyle.css": {
      "version": "1.0.11",
      "resolved": "https://registry.npmjs.org/destyle.css/-/destyle.css-1.0.11.tgz",
      "integrity": "sha512-BmI0mIqho8BQpdhylMTK0wkfeHs+z7J9U/Cri8Cf0W8odyLiuFUIXo3vlArEjUzIDKrVjQZz1xvXu8M2Nvfy2g==",
      "dev": true
    }
  }
}
